# This file is automatically @generated by Wally.
# It is not intended for manual editing.
registry = "test"

[[package]]
name = "anthonyobrien/documentservice"
version = "0.1.0"
dependencies = [["Guard", "red-blox/guard@1.0.1"]]

[[package]]
name = "red-blox/guard"
version = "1.0.1"
dependencies = []
